Microsoft Visual Studio Solution File, Format Version 12.00
# Visual Studio Version 17
VisualStudioVersion = 17.5.2.0
MinimumVisualStudioVersion = 10.0.40219.1
Project("{FAE04EC0-301F-11D3-BF4B-00C04F79EFBC}") = "Microservices_E_Commerce", "Microservices_E_Commerce.csproj", "{2BB007C8-6875-99DD-9BC2-2BA97E184EA3}"
EndProject
Global
	GlobalSection(SolutionConfigurationPlatforms) = preSolution
		Debug|Any CPU = Debug|Any CPU
		Release|Any CPU = Release|Any CPU
	EndGlobalSection
	GlobalSection(ProjectConfigurationPlatforms) = postSolution
		{2BB007C8-6875-99DD-9BC2-2BA97E184EA3}.Debug|Any CPU.ActiveCfg = Debug|Any CPU
		{2BB007C8-6875-99DD-9BC2-2BA97E184EA3}.Debug|Any CPU.Build.0 = Debug|Any CPU
		{2BB007C8-6875-99DD-9BC2-2BA97E184EA3}.Release|Any CPU.ActiveCfg = Release|Any CPU
		{2BB007C8-6875-99DD-9BC2-2BA97E184EA3}.Release|Any CPU.Build.0 = Release|Any CPU
	EndGlobalSection
	GlobalSection(SolutionProperties) = preSolution
		HideSolutionNode = FALSE
	EndGlobalSection
	GlobalSection(ExtensibilityGlobals) = postSolution
		SolutionGuid = {2F520EAC-B809-4344-A91C-EAB8927F1F36}
	EndGlobalSection
EndGlobal
